// !$*UTF8*$!
{
	archiveVersion = 1;
	classes = {
	};
	objectVersion = 56;
	objects = {

/* Begin PBXBuildFile section */
		16D906222BEB5C2F009805FB /* AppDelegate.swift in Sources */ = {isa = PBXBuildFile; fileRef = 16D906212BEB5C2F009805FB /* AppDelegate.swift */; };
		16D906242BEB5C2F009805FB /* SceneDelegate.swift in Sources */ = {isa = PBXBuildFile; fileRef = 16D906232BEB5C2F009805FB /* SceneDelegate.swift */; };
		16D906262BEB5C2F009805FB /* ViewController.swift in Sources */ = {isa = PBXBuildFile; fileRef = 16D906252BEB5C2F009805FB /* ViewController.swift */; };
		16D906292BEB5C2F009805FB /* Base in Resources */ = {isa = PBXBuildFile; fileRef = 16D906282BEB5C2F009805FB /* Base */; };
		16D9062B2BEB5C30009805FB /* Assets.xcassets in Resources */ = {isa = PBXBuildFile; fileRef = 16D9062A2BEB5C30009805FB /* Assets.xcassets */; };
		16D9062E2BEB5C30009805FB /* Base in Resources */ = {isa = PBXBuildFile; fileRef = 16D9062D2BEB5C30009805FB /* Base */; };
		16D906362BEB5C8E009805FB /* ImageLoader.swift in Sources */ = {isa = PBXBuildFile; fileRef = 16D906352BEB5C8E009805FB /* ImageLoader.swift */; };
		16D9063C2BEB5D52009805FB /* ImageCell.swift in Sources */ = {isa = PBXBuildFile; fileRef = 16D9063A2BEB5D52009805FB /* ImageCell.swift */; };
		16D9063D2BEB5D52009805FB /* ImageCell.xib in Resources */ = {isa = PBXBuildFile; fileRef = 16D9063B2BEB5D52009805FB /* ImageCell.xib */; };
		16D9063F2BEB92BA009805FB /* APIManagerClass.swift in Sources */ = {isa = PBXBuildFile; fileRef = 16D9063E2BEB92BA009805FB /* APIManagerClass.swift */; };
/* End PBXBuildFile section */

/* Begin PBXFileReference section */
		16D9061E2BEB5C2F009805FB /* TaskApp.app */ = {isa = PBXFileReference; explicitFileType = wrapper.application; includeInIndex = 0; path = TaskApp.app; sourceTree = BUILT_PRODUCTS_DIR; };
		16D906212BEB5C2F009805FB /* AppDelegate.swift */ = {isa = PBXFileReference; lastKnownFileType = sourcecode.swift; path = AppDelegate.swift; sourceTree = "<group>"; };
		16D906232BEB5C2F009805FB /* SceneDelegate.swift */ = {isa = PBXFileReference; lastKnownFileType = sourcecode.swift; path = SceneDelegate.swift; sourceTree = "<group>"; };
		16D906252BEB5C2F009805FB /* ViewController.swift */ = {isa = PBXFileReference; lastKnownFileType = sourcecode.swift; path = ViewController.swift; sourceTree = "<group>"; };
		16D906282BEB5C2F009805FB /* Base */ = {isa = PBXFileReference; lastKnownFileType = file.storyboard; name = Base; path = Base.lproj/Main.storyboard; sourceTree = "<group>"; };
		16D9062A2BEB5C30009805FB /* Assets.xcassets */ = {isa = PBXFileReference; lastKnownFileType = folder.assetcatalog; path = Assets.xcassets; sourceTree = "<group>"; };
		16D9062D2BEB5C30009805FB /* Base */ = {isa = PBXFileReference; lastKnownFileType = file.storyboard; name = Base; path = Base.lproj/LaunchScreen.storyboard; sourceTree = "<group>"; };
		16D9062F2BEB5C30009805FB /* Info.plist */ = {isa = PBXFileReference; lastKnownFileType = text.plist.xml; path = Info.plist; sourceTree = "<group>"; };
		16D906352BEB5C8E009805FB /* ImageLoader.swift */ = {isa = PBXFileReference; lastKnownFileType = sourcecode.swift; path = ImageLoader.swift; sourceTree = "<group>"; };
		16D9063A2BEB5D52009805FB /* ImageCell.swift */ = {isa = PBXFileReference; lastKnownFileType = sourcecode.swift; path = ImageCell.swift; sourceTree = "<group>"; };
		16D9063B2BEB5D52009805FB /* ImageCell.xib */ = {isa = PBXFileReference; lastKnownFileType = file.xib; path = ImageCell.xib; sourceTree = "<group>"; };
		16D9063E2BEB92BA009805FB /* APIManagerClass.swift */ = {isa = PBXFileReference; lastKnownFileType = sourcecode.swift; path = APIManagerClass.swift; sourceTree = "<group>"; };
/* End PBXFileReference section */

/* Begin PBXFrameworksBuildPhase section */
		16D9061B2BEB5C2F009805FB /* Frameworks */ = {
			isa = PBXFrameworksBuildPhase;
			buildActionMask = 2147483647;
			files = (
			);
			runOnlyForDeploymentPostprocessing = 0;
		};
/* End PBXFrameworksBuildPhase section */

/* Begin PBXGroup section */
		16D906152BEB5C2F009805FB = {
			isa = PBXGroup;
			children = (
				16D906202BEB5C2F009805FB /* TaskApp */,
				16D9061F2BEB5C2F009805FB /* Products */,
			);
			sourceTree = "<group>";
		};
		16D9061F2BEB5C2F009805FB /* Products */ = {
			isa = PBXGroup;
			children = (
				16D9061E2BEB5C2F009805FB /* TaskApp.app */,
			);
			name = Products;
			sourceTree = "<group>";
		};
		16D906202BEB5C2F009805FB /* TaskApp */ = {
			isa = PBXGroup;
			children = (
				16D906422BEB92D9009805FB /* ModelClass */,
				16D906412BEB92CF009805FB /* Extensions */,
				16D906402BEB92C1009805FB /* APIManagerClass */,
				16D906372BEB5D23009805FB /* ImageCell */,
				16D906212BEB5C2F009805FB /* AppDelegate.swift */,
				16D906232BEB5C2F009805FB /* SceneDelegate.swift */,
				16D906252BEB5C2F009805FB /* ViewController.swift */,
				16D906272BEB5C2F009805FB /* Main.storyboard */,
				16D9062A2BEB5C30009805FB /* Assets.xcassets */,
				16D9062C2BEB5C30009805FB /* LaunchScreen.storyboard */,
				16D9062F2BEB5C30009805FB /* Info.plist */,
			);
			path = TaskApp;
			sourceTree = "<group>";
		};
		16D906372BEB5D23009805FB /* ImageCell */ = {
			isa = PBXGroup;
			children = (
				16D9063A2BEB5D52009805FB /* ImageCell.swift */,
				16D9063B2BEB5D52009805FB /* ImageCell.xib */,
			);
			path = ImageCell;
			sourceTree = "<group>";
		};
		16D906402BEB92C1009805FB /* APIManagerClass */ = {
			isa = PBXGroup;
			children = (
				16D9063E2BEB92BA009805FB /* APIManagerClass.swift */,
			);
			path = APIManagerClass;
			sourceTree = "<group>";
		};
		16D906412BEB92CF009805FB /* Extensions */ = {
			isa = PBXGroup;
			children = (
				16D906352BEB5C8E009805FB /* ImageLoader.swift */,
			);
			path = Extensions;
			sourceTree = "<group>";
		};
		16D906422BEB92D9009805FB /* ModelClass */ = {
			isa = PBXGroup;
			children = (
			);
			path = ModelClass;
			sourceTree = "<group>";
		};
/* End PBXGroup section */

/* Begin PBXNativeTarget section */
		16D9061D2BEB5C2F009805FB /* TaskApp */ = {
			isa = PBXNativeTarget;
			buildConfigurationList = 16D906322BEB5C30009805FB /* Build configuration list for PBXNativeTarget "TaskApp" */;
			buildPhases = (
				16D9061A2BEB5C2F009805FB /* Sources */,
				16D9061B2BEB5C2F009805FB /* Frameworks */,
				16D9061C2BEB5C2F009805FB /* Resources */,
			);
			buildRules = (
			);
			dependencies = (
			);
			name = TaskApp;
			productName = TaskApp;
			productReference = 16D9061E2BEB5C2F009805FB /* TaskApp.app */;
			productType = "com.apple.product-type.application";
		};
/* End PBXNativeTarget section */

/* Begin PBXProject section */
		16D906162BEB5C2F009805FB /* Project object */ = {
			isa = PBXProject;
			attributes = {
				BuildIndependentTargetsInParallel = 1;
				LastSwiftUpdateCheck = 1530;
				LastUpgradeCheck = 1530;
				TargetAttributes = {
					16D9061D2BEB5C2F009805FB = {
						CreatedOnToolsVersion = 15.3;
					};
				};
			};
			buildConfigurationList = 16D906192BEB5C2F009805FB /* Build configuration list for PBXProject "TaskApp" */;
			compatibilityVersion = "Xcode 14.0";
			developmentRegion = en;
			hasScannedForEncodings = 0;
			knownRegions = (
				en,
				Base,
			);
			mainGroup = 16D906152BEB5C2F009805FB;
			productRefGroup = 16D9061F2BEB5C2F009805FB /* Products */;
			projectDirPath = "";
			projectRoot = "";
			targets = (
				16D9061D2BEB5C2F009805FB /* TaskApp */,
			);
		};
/* End PBXProject section */

/* Begin PBXResourcesBuildPhase section */
		16D9061C2BEB5C2F009805FB /* Resources */ = {
			isa = PBXResourcesBuildPhase;
			buildActionMask = 2147483647;
			files = (
				16D9062B2BEB5C30009805FB /* Assets.xcassets in Resources */,
				16D9063D2BEB5D52009805FB /* ImageCell.xib in Resources */,
				16D9062E2BEB5C30009805FB /* Base in Resources */,
				16D906292BEB5C2F009805FB /* Base in Resources */,
			);
			runOnlyForDeploymentPostprocessing = 0;
		};
/* End PBXResourcesBuildPhase section */

/* Begin PBXSourcesBuildPhase section */
		16D9061A2BEB5C2F009805FB /* Sources */ = {
			isa = PBXSourcesBuildPhase;
			buildActionMask = 2147483647;
			files = (
				16D906262BEB5C2F009805FB /* ViewController.swift in Sources */,
				16D906222BEB5C2F009805FB /* AppDelegate.swift in Sources */,
				16D906362BEB5C8E009805FB /* ImageLoader.swift in Sources */,
				16D9063F2BEB92BA009805FB /* APIManagerClass.swift in Sources */,
				16D906242BEB5C2F009805FB /* SceneDelegate.swift in Sources */,
				16D9063C2BEB5D52009805FB /* ImageCell.swift in Sources */,
			);
			runOnlyForDeploymentPostprocessing = 0;
		};
/* End PBXSourcesBuildPhase section */

/* Begin PBXVariantGroup section */
		16D906272BEB5C2F009805FB /* Main.storyboard */ = {
			isa = PBXVariantGroup;
			children = (
				16D906282BEB5C2F009805FB /* Base */,
			);
			name = Main.storyboard;
			sourceTree = "<group>";
		};
		16D9062C2BEB5C30009805FB /* LaunchScreen.storyboard */ = {
			isa = PBXVariantGroup;
			children = (
				16D9062D2BEB5C30009805FB /* Base */,
			);
			name = LaunchScreen.storyboard;
			sourceTree = "<group>";
		};
/* End PBXVariantGroup section */

/* Begin XCBuildConfiguration section */
		16D906302BEB5C30009805FB /* Debug */ = {
			isa = XCBuildConfiguration;
			buildSettings = {
				ALWAYS_SEARCH_USER_PATHS = NO;
				ASSETCATALOG_COMPILER_GENERATE_SWIFT_ASSET_SYMBOL_EXTENSIONS = YES;
				CLANG_ANALYZER_NONNULL = YES;
				CLANG_ANALYZER_NUMBER_OBJECT_CONVERSION = YES_AGGRESSIVE;
				CLANG_CXX_LANGUAGE_STANDARD = "gnu++20";
				CLANG_ENABLE_MODULES = YES;
				CLANG_ENABLE_OBJC_ARC = YES;
				CLANG_ENABLE_OBJC_WEAK = YES;
				CLANG_WARN_BLOCK_CAPTURE_AUTORELEASING = YES;
				CLANG_WARN_BOOL_CONVERSION = YES;
				CLANG_WARN_COMMA = YES;
				CLANG_WARN_CONSTANT_CONVERSION = YES;
				CLANG_WARN_DEPRECATED_OBJC_IMPLEMENTATIONS = YES;
				CLANG_WARN_DIRECT_OBJC_ISA_USAGE = YES_ERROR;
				CLANG_WARN_DOCUMENTATION_COMMENTS = YES;
				CLANG_WARN_EMPTY_BODY = YES;
				CLANG_WARN_ENUM_CONVERSION = YES;
				CLANG_WARN_INFINITE_RECURSION = YES;
				CLANG_WARN_INT_CONVERSION = YES;
				CLANG_WARN_NON_LITERAL_NULL_CONVERSION = YES;
				CLANG_WARN_OBJC_IMPLICIT_RETAIN_SELF = YES;
				CLANG_WARN_OBJC_LITERAL_CONVERSION = YES;
				CLANG_WARN_OBJC_ROOT_CLASS = YES_ERROR;
				CLANG_WARN_QUOTED_INCLUDE_IN_FRAMEWORK_HEADER = YES;
				CLANG_WARN_RANGE_LOOP_ANALYSIS = YES;
				CLANG_WARN_STRICT_PROTOTYPES = YES;
				CLANG_WARN_SUSPICIOUS_MOVE = YES;
				CLANG_WARN_UNGUARDED_AVAILABILITY = YES_AGGRESSIVE;
				CLANG_WARN_UNREACHABLE_CODE = YES;
				CLANG_WARN__DUPLICATE_METHOD_MATCH = YES;
				COPY_PHASE_STRIP = NO;
				DEBUG_INFORMATION_FORMAT = dwarf;
				ENABLE_STRICT_OBJC_MSGSEND = YES;
				ENABLE_TESTABILITY = YES;
				ENABLE_USER_SCRIPT_SANDBOXING = YES;
				GCC_C_LANGUAGE_STANDARD = gnu17;
				GCC_DYNAMIC_NO_PIC = NO;
				GCC_NO_COMMON_BLOCKS = YES;
				GCC_OPTIMIZATION_LEVEL = 0;
				GCC_PREPROCESSOR_DEFINITIONS = (
					"DEBUG=1",
					"$(inherited)",
				);
				GCC_WARN_64_TO_32_BIT_CONVERSION = YES;
				GCC_WARN_ABOUT_RETURN_TYPE = YES_ERROR;
				GCC_WARN_UNDECLARED_SELECTOR = YES;
				GCC_WARN_UNINITIALIZED_AUTOS = YES_AGGRESSIVE;
				GCC_WARN_UNUSED_FUNCTION = YES;
				GCC_WARN_UNUSED_VARIABLE = YES;
				IPHONEOS_DEPLOYMENT_TARGET = 17.4;
				LOCALIZATION_PREFERS_STRING_CATALOGS = YES;
				MTL_ENABLE_DEBUG_INFO = INCLUDE_SOURCE;
				MTL_FAST_MATH = YES;
				ONLY_ACTIVE_ARCH = YES;
				SDKROOT = iphoneos;
				SWIFT_ACTIVE_COMPILATION_CONDITIONS = "DEBUG $(inherited)";
				SWIFT_OPTIMIZATION_LEVEL = "-Onone";
			};
			name = Debug;
		};
		16D906312BEB5C30009805FB /* Release */ = {
			isa = XCBuildConfiguration;
			buildSettings = {
				ALWAYS_SEARCH_USER_PATHS = NO;
				ASSETCATALOG_COMPILER_GENERATE_SWIFT_ASSET_SYMBOL_EXTENSIONS = YES;
				CLANG_ANALYZER_NONNULL = YES;
				CLANG_ANALYZER_NUMBER_OBJECT_CONVERSION = YES_AGGRESSIVE;
				CLANG_CXX_LANGUAGE_STANDARD = "gnu++20";
				CLANG_ENABLE_MODULES = YES;
				CLANG_ENABLE_OBJC_ARC = YES;
				CLANG_ENABLE_OBJC_WEAK = YES;
				CLANG_WARN_BLOCK_CAPTURE_AUTORELEASING = YES;
				CLANG_WARN_BOOL_CONVERSION = YES;
				CLANG_WARN_COMMA = YES;
				CLANG_WARN_CONSTANT_CONVERSION = YES;
				CLANG_WARN_DEPRECATED_OBJC_IMPLEMENTATIONS = YES;
				CLANG_WARN_DIRECT_OBJC_ISA_USAGE = YES_ERROR;
				CLANG_WARN_DOCUMENTATION_COMMENTS = YES;
				CLANG_WARN_EMPTY_BODY = YES;
				CLANG_WARN_ENUM_CONVERSION = YES;
				CLANG_WARN_INFINITE_RECURSION = YES;
				CLANG_WARN_INT_CONVERSION = YES;
				CLANG_WARN_NON_LITERAL_NULL_CONVERSION = YES;
				CLANG_WARN_OBJC_IMPLICIT_RETAIN_SELF = YES;
				CLANG_WARN_OBJC_LITERAL_CONVERSION = YES;
				CLANG_WARN_OBJC_ROOT_CLASS = YES_ERROR;
				CLANG_WARN_QUOTED_INCLUDE_IN_FRAMEWORK_HEADER = YES;
				CLANG_WARN_RANGE_LOOP_ANALYSIS = YES;
				CLANG_WARN_STRICT_PROTOTYPES = YES;
				CLANG_WARN_SUSPICIOUS_MOVE = YES;
				CLANG_WARN_UNGUARDED_AVAILABILITY = YES_AGGRESSIVE;
				CLANG_WARN_UNREACHABLE_CODE = YES;
				CLANG_WARN__DUPLICATE_METHOD_MATCH = YES;
				COPY_PHASE_STRIP = NO;
				DEBUG_INFORMATION_FORMAT = "dwarf-with-dsym";
				ENABLE_NS_ASSERTIONS = NO;
				ENABLE_STRICT_OBJC_MSGSEND = YES;
				ENABLE_USER_SCRIPT_SANDBOXING = YES;
				GCC_C_LANGUAGE_STANDARD = gnu17;
				GCC_NO_COMMON_BLOCKS = YES;
				GCC_WARN_64_TO_32_BIT_CONVERSION = YES;
				GCC_WARN_ABOUT_RETURN_TYPE = YES_ERROR;
				GCC_WARN_UNDECLARED_SELECTOR = YES;
				GCC_WARN_UNINITIALIZED_AUTOS = YES_AGGRESSIVE;
				GCC_WARN_UNUSED_FUNCTION = YES;
				GCC_WARN_UNUSED_VARIABLE = YES;
				IPHONEOS_DEPLOYMENT_TARGET = 17.4;
				LOCALIZATION_PREFERS_STRING_CATALOGS = YES;
				MTL_ENABLE_DEBUG_INFO = NO;
				MTL_FAST_MATH = YES;
				SDKROOT = iphoneos;
				SWIFT_COMPILATION_MODE = wholemodule;
				VALIDATE_PRODUCT = YES;
			};
			name = Release;
		};
		16D906332BEB5C30009805FB /* Debug */ = {
			isa = XCBuildConfiguration;
			buildSettings = {
				ASSETCATALOG_COMPILER_APPICON_NAME = AppIcon;
				ASSETCATALOG_COMPILER_GLOBAL_ACCENT_COLOR_NAME = AccentColor;
				CODE_SIGN_STYLE = Automatic;
				CURRENT_PROJECT_VERSION = 1;
				GENERATE_INFOPLIST_FILE = YES;
				INFOPLIST_FILE = TaskApp/Info.plist;
				INFOPLIST_KEY_UIApplicationSupportsIndirectInputEvents = YES;
				INFOPLIST_KEY_UILaunchStoryboardName = LaunchScreen;
				INFOPLIST_KEY_UIMainStoryboardFile = Main;
				INFOPLIST_KEY_UISupportedInterfaceOrientations_iPad = "UIInterfaceOrientationPortrait UIInterfaceOrientationPortraitUpsideDown UIInterfaceOrientationLandscapeLeft UIInterfaceOrientationLandscapeRight";
				INFOPLIST_KEY_UISupportedInterfaceOrientations_iPhone = "UIInterfaceOrientationPortrait UIInterfaceOrientationLandscapeLeft UIInterfaceOrientationLandscapeRight";
				IPHONEOS_DEPLOYMENT_TARGET = 13.0;
				LD_RUNPATH_SEARCH_PATHS = (
					"$(inherited)",
					"@executable_path/Frameworks",
				);
				MARKETING_VERSION = 1.0;
				PRODUCT_BUNDLE_IDENTIFIER = com.iDeveloper.TaskApp;
				PRODUCT_NAME = "$(TARGET_NAME)";
				SWIFT_EMIT_LOC_STRINGS = YES;
				SWIFT_VERSION = 5.0;
				TARGETED_DEVICE_FAMILY = "1,2";
			};
			name = Debug;
		};
		16D906342BEB5C30009805FB /* Release */ = {
			isa = XCBuildConfiguration;
			buildSettings = {
				ASSETCATALOG_COMPILER_APPICON_NAME = AppIcon;
				ASSETCATALOG_COMPILER_GLOBAL_ACCENT_COLOR_NAME = AccentColor;
				CODE_SIGN_STYLE = Automatic;
				CURRENT_PROJECT_VERSION = 1;
				GENERATE_INFOPLIST_FILE = YES;
				INFOPLIST_FILE = TaskApp/Info.plist;
				INFOPLIST_KEY_UIApplicationSupportsIndirectInputEvents = YES;
				INFOPLIST_KEY_UILaunchStoryboardName = LaunchScreen;
				INFOPLIST_KEY_UIMainStoryboardFile = Main;
				INFOPLIST_KEY_UISupportedInterfaceOrientations_iPad = "UIInterfaceOrientationPortrait UIInterfaceOrientationPortraitUpsideDown UIInterfaceOrientationLandscapeLeft UIInterfaceOrientationLandscapeRight";
				INFOPLIST_KEY_UISupportedInterfaceOrientations_iPhone = "UIInterfaceOrientationPortrait UIInterfaceOrientationLandscapeLeft UIInterfaceOrientationLandscapeRight";
				IPHONEOS_DEPLOYMENT_TARGET = 13.0;
				LD_RUNPATH_SEARCH_PATHS = (
					"$(inherited)",
					"@executable_path/Frameworks",
				);
				MARKETING_VERSION = 1.0;
				PRODUCT_BUNDLE_IDENTIFIER = com.iDeveloper.TaskApp;
				PRODUCT_NAME = "$(TARGET_NAME)";
				SWIFT_EMIT_LOC_STRINGS = YES;
				SWIFT_VERSION = 5.0;
				TARGETED_DEVICE_FAMILY = "1,2";
			};
			name = Release;
		};
/* End XCBuildConfiguration section */

/* Begin XCConfigurationList section */
		16D906192BEB5C2F009805FB /* Build configuration list for PBXProject "TaskApp" */ = {
			isa = XCConfigurationList;
			buildConfigurations = (
				16D906302BEB5C30009805FB /* Debug */,
				16D906312BEB5C30009805FB /* Release */,
			);
			defaultConfigurationIsVisible = 0;
			defaultConfigurationName = Release;
		};
		16D906322BEB5C30009805FB /* Build configuration list for PBXNativeTarget "TaskApp" */ = {
			isa = XCConfigurationList;
			buildConfigurations = (
				16D906332BEB5C30009805FB /* Debug */,
				16D906342BEB5C30009805FB /* Release */,
			);
			defaultConfigurationIsVisible = 0;
			defaultConfigurationName = Release;
		};
/* End XCConfigurationList section */
	};
	rootObject = 16D906162BEB5C2F009805FB /* Project object */;
}
